
Microsoft Visual Studio Solution File, Format Version 12.00
# Visual Studio Version 17
VisualStudioVersion = 17.2.32516.85
MinimumVisualStudioVersion = 10.0.40219.1
Project("{FAE04EC0-301F-11D3-BF4B-00C04F79EFBC}") = "SeleniumAutomatedTestsExercises", "SeleniumAutomatedTestsExercises\SeleniumAutomatedTestsExercises.csproj", "{6960017F-25DD-42E6-BF33-D68B50FE13A0}"
EndProject
Global
	GlobalSection(SolutionConfigurationPlatforms) = preSolution
		Debug|Any CPU = Debug|Any CPU
		Release|Any CPU = Release|Any CPU
	EndGlobalSection
	GlobalSection(ProjectConfigurationPlatforms) = postSolution
		{6960017F-25DD-42E6-BF33-D68B50FE13A0}.Debug|Any CPU.ActiveCfg = Debug|Any CPU
		{6960017F-25DD-42E6-BF33-D68B50FE13A0}.Debug|Any CPU.Build.0 = Debug|Any CPU
		{6960017F-25DD-42E6-BF33-D68B50FE13A0}.Release|Any CPU.ActiveCfg = Release|Any CPU
		{6960017F-25DD-42E6-BF33-D68B50FE13A0}.Release|Any CPU.Build.0 = Release|Any CPU
	EndGlobalSection
	GlobalSection(SolutionProperties) = preSolution
		HideSolutionNode = FALSE
	EndGlobalSection
	GlobalSection(ExtensibilityGlobals) = postSolution
		SolutionGuid = {835DA56D-B138-44BB-93AE-389B7044BF62}
	EndGlobalSection
EndGlobal
